
Microsoft Visual Studio Solution File, Format Version 12.00
# Visual Studio Version 16
VisualStudioVersion = 16.0.30611.23
MinimumVisualStudioVersion = 10.0.40219.1
Project("{FAE04EC0-301F-11D3-BF4B-00C04F79EFBC}") = "Objekt Orienteret Programmering", "Objekt Orienteret Programmering\Objekt Orienteret Programmering.csproj", "{2A055592-CFFA-4AD4-9E4B-9EBE1B05CAB8}"
EndProject
Project("{FAE04EC0-301F-11D3-BF4B-00C04F79EFBC}") = "objekt_class public or privat", "objekt_class public or privat\objekt_class public or privat.csproj", "{9D4BE12E-6D14-4A83-9931-2853E73CFB77}"
EndProject
Project("{FAE04EC0-301F-11D3-BF4B-00C04F79EFBC}") = "objekter_Constructor", "objekter_Constructor\objekter_Constructor.csproj", "{35F3F765-742A-4326-8EEB-2E5DF0867BCF}"
EndProject
Project("{FAE04EC0-301F-11D3-BF4B-00C04F79EFBC}") = "bedre_forståelse", "bedre_forståelse\bedre_forståelse.csproj", "{9D8F87AB-158E-4738-8D8A-20A7F03C7AA0}"
EndProject
Global
	GlobalSection(SolutionConfigurationPlatforms) = preSolution
		Debug|Any CPU = Debug|Any CPU
		Release|Any CPU = Release|Any CPU
	EndGlobalSection
	GlobalSection(ProjectConfigurationPlatforms) = postSolution
		{2A055592-CFFA-4AD4-9E4B-9EBE1B05CAB8}.Debug|Any CPU.ActiveCfg = Debug|Any CPU
		{2A055592-CFFA-4AD4-9E4B-9EBE1B05CAB8}.Debug|Any CPU.Build.0 = Debug|Any CPU
		{2A055592-CFFA-4AD4-9E4B-9EBE1B05CAB8}.Release|Any CPU.ActiveCfg = Release|Any CPU
		{2A055592-CFFA-4AD4-9E4B-9EBE1B05CAB8}.Release|Any CPU.Build.0 = Release|Any CPU
		{9D4BE12E-6D14-4A83-9931-2853E73CFB77}.Debug|Any CPU.ActiveCfg = Debug|Any CPU
		{9D4BE12E-6D14-4A83-9931-2853E73CFB77}.Debug|Any CPU.Build.0 = Debug|Any CPU
		{9D4BE12E-6D14-4A83-9931-2853E73CFB77}.Release|Any CPU.ActiveCfg = Release|Any CPU
		{9D4BE12E-6D14-4A83-9931-2853E73CFB77}.Release|Any CPU.Build.0 = Release|Any CPU
		{35F3F765-742A-4326-8EEB-2E5DF0867BCF}.Debug|Any CPU.ActiveCfg = Debug|Any CPU
		{35F3F765-742A-4326-8EEB-2E5DF0867BCF}.Debug|Any CPU.Build.0 = Debug|Any CPU
		{35F3F765-742A-4326-8EEB-2E5DF0867BCF}.Release|Any CPU.ActiveCfg = Release|Any CPU
		{35F3F765-742A-4326-8EEB-2E5DF0867BCF}.Release|Any CPU.Build.0 = Release|Any CPU
		{9D8F87AB-158E-4738-8D8A-20A7F03C7AA0}.Debug|Any CPU.ActiveCfg = Debug|Any CPU
		{9D8F87AB-158E-4738-8D8A-20A7F03C7AA0}.Debug|Any CPU.Build.0 = Debug|Any CPU
		{9D8F87AB-158E-4738-8D8A-20A7F03C7AA0}.Release|Any CPU.ActiveCfg = Release|Any CPU
		{9D8F87AB-158E-4738-8D8A-20A7F03C7AA0}.Release|Any CPU.Build.0 = Release|Any CPU
	EndGlobalSection
	GlobalSection(SolutionProperties) = preSolution
		HideSolutionNode = FALSE
	EndGlobalSection
	GlobalSection(ExtensibilityGlobals) = postSolution
		SolutionGuid = {6C8ED833-5470-4AB0-AEC4-09C5EC09ACBF}
	EndGlobalSection
EndGlobal
